
Microsoft Visual Studio Solution File, Format Version 12.00
# Visual Studio Version 17
VisualStudioVersion = 17.0.31903.59
MinimumVisualStudioVersion = 10.0.40219.1
Project("{2150E333-8FDC-42A3-9474-1A3956D46DE8}") = "src", "src", "{827E0CD3-B72D-47B6-A68D-7590B98EB39B}"
EndProject
Project("{FAE04EC0-301F-11D3-BF4B-00C04F79EFBC}") = "PolarH10.Protocol", "src\PolarH10.Protocol\PolarH10.Protocol.csproj", "{26240A0B-8F85-4722-990B-AEC1361424F4}"
EndProject
Project("{FAE04EC0-301F-11D3-BF4B-00C04F79EFBC}") = "PolarH10.Transport.Abstractions", "src\PolarH10.Transport.Abstractions\PolarH10.Transport.Abstractions.csproj", "{C049D564-850C-4ABA-AC6D-B3F6245482EB}"
EndProject
Project("{FAE04EC0-301F-11D3-BF4B-00C04F79EFBC}") = "PolarH10.Transport.Synthetic", "src\PolarH10.Transport.Synthetic\PolarH10.Transport.Synthetic.csproj", "{D6D723F4-4EF3-467A-8F85-D1DFE3C40A3E}"
EndProject
Project("{FAE04EC0-301F-11D3-BF4B-00C04F79EFBC}") = "SyntheticBio.App", "src\SyntheticBio.App\SyntheticBio.App.csproj", "{9563A70B-86EB-4CC7-BB42-88E799154100}"
EndProject
Project("{FAE04EC0-301F-11D3-BF4B-00C04F79EFBC}") = "SyntheticBio.Core", "src\SyntheticBio.Core\SyntheticBio.Core.csproj", "{29D0D8B1-9F96-4E1E-8255-30623B6E03A9}"
EndProject
Project("{FAE04EC0-301F-11D3-BF4B-00C04F79EFBC}") = "SyntheticBio.Cli", "src\SyntheticBio.Cli\SyntheticBio.Cli.csproj", "{896DF9CE-2471-41A0-AB92-70BED61C9151}"
EndProject
Project("{FAE04EC0-301F-11D3-BF4B-00C04F79EFBC}") = "SyntheticBio.PreviewInstaller", "src\SyntheticBio.PreviewInstaller\SyntheticBio.PreviewInstaller.csproj", "{6DEC7A25-BF5A-45FC-8524-1B8E937914AC}"
EndProject
Project("{2150E333-8FDC-42A3-9474-1A3956D46DE8}") = "tests", "tests", "{0AB3BF05-4346-4AA6-1389-037BE0695223}"
EndProject
Project("{FAE04EC0-301F-11D3-BF4B-00C04F79EFBC}") = "SyntheticBio.Core.Tests", "tests\SyntheticBio.Core.Tests\SyntheticBio.Core.Tests.csproj", "{A854F090-7A70-4233-B406-7DCA36BC9E94}"
EndProject
Global
	GlobalSection(SolutionConfigurationPlatforms) = preSolution
		Debug|Any CPU = Debug|Any CPU
		Debug|x64 = Debug|x64
		Debug|x86 = Debug|x86
		Release|Any CPU = Release|Any CPU
		Release|x64 = Release|x64
		Release|x86 = Release|x86
	EndGlobalSection
	GlobalSection(ProjectConfigurationPlatforms) = postSolution
		{26240A0B-8F85-4722-990B-AEC1361424F4}.Debug|Any CPU.ActiveCfg = Debug|Any CPU
		{26240A0B-8F85-4722-990B-AEC1361424F4}.Debug|Any CPU.Build.0 = Debug|Any CPU
		{26240A0B-8F85-4722-990B-AEC1361424F4}.Debug|x64.ActiveCfg = Debug|Any CPU
		{26240A0B-8F85-4722-990B-AEC1361424F4}.Debug|x64.Build.0 = Debug|Any CPU
		{26240A0B-8F85-4722-990B-AEC1361424F4}.Debug|x86.ActiveCfg = Debug|Any CPU
		{26240A0B-8F85-4722-990B-AEC1361424F4}.Debug|x86.Build.0 = Debug|Any CPU
		{26240A0B-8F85-4722-990B-AEC1361424F4}.Release|Any CPU.ActiveCfg = Release|Any CPU
		{26240A0B-8F85-4722-990B-AEC1361424F4}.Release|Any CPU.Build.0 = Release|Any CPU
		{26240A0B-8F85-4722-990B-AEC1361424F4}.Release|x64.ActiveCfg = Release|Any CPU
		{26240A0B-8F85-4722-990B-AEC1361424F4}.Release|x64.Build.0 = Release|Any CPU
		{26240A0B-8F85-4722-990B-AEC1361424F4}.Release|x86.ActiveCfg = Release|Any CPU
		{26240A0B-8F85-4722-990B-AEC1361424F4}.Release|x86.Build.0 = Release|Any CPU
		{C049D564-850C-4ABA-AC6D-B3F6245482EB}.Debug|Any CPU.ActiveCfg = Debug|Any CPU
		{C049D564-850C-4ABA-AC6D-B3F6245482EB}.Debug|Any CPU.Build.0 = Debug|Any CPU
		{C049D564-850C-4ABA-AC6D-B3F6245482EB}.Debug|x64.ActiveCfg = Debug|Any CPU
		{C049D564-850C-4ABA-AC6D-B3F6245482EB}.Debug|x64.Build.0 = Debug|Any CPU
		{C049D564-850C-4ABA-AC6D-B3F6245482EB}.Debug|x86.ActiveCfg = Debug|Any CPU
		{C049D564-850C-4ABA-AC6D-B3F6245482EB}.Debug|x86.Build.0 = Debug|Any CPU
		{C049D564-850C-4ABA-AC6D-B3F6245482EB}.Release|Any CPU.ActiveCfg = Release|Any CPU
		{C049D564-850C-4ABA-AC6D-B3F6245482EB}.Release|Any CPU.Build.0 = Release|Any CPU
		{C049D564-850C-4ABA-AC6D-B3F6245482EB}.Release|x64.ActiveCfg = Release|Any CPU
		{C049D564-850C-4ABA-AC6D-B3F6245482EB}.Release|x64.Build.0 = Release|Any CPU
		{C049D564-850C-4ABA-AC6D-B3F6245482EB}.Release|x86.ActiveCfg = Release|Any CPU
		{C049D564-850C-4ABA-AC6D-B3F6245482EB}.Release|x86.Build.0 = Release|Any CPU
		{D6D723F4-4EF3-467A-8F85-D1DFE3C40A3E}.Debug|Any CPU.ActiveCfg = Debug|Any CPU
		{D6D723F4-4EF3-467A-8F85-D1DFE3C40A3E}.Debug|Any CPU.Build.0 = Debug|Any CPU
		{D6D723F4-4EF3-467A-8F85-D1DFE3C40A3E}.Debug|x64.ActiveCfg = Debug|Any CPU
		{D6D723F4-4EF3-467A-8F85-D1DFE3C40A3E}.Debug|x64.Build.0 = Debug|Any CPU
		{D6D723F4-4EF3-467A-8F85-D1DFE3C40A3E}.Debug|x86.ActiveCfg = Debug|Any CPU
		{D6D723F4-4EF3-467A-8F85-D1DFE3C40A3E}.Debug|x86.Build.0 = Debug|Any CPU
		{D6D723F4-4EF3-467A-8F85-D1DFE3C40A3E}.Release|Any CPU.ActiveCfg = Release|Any CPU
		{D6D723F4-4EF3-467A-8F85-D1DFE3C40A3E}.Release|Any CPU.Build.0 = Release|Any CPU
		{D6D723F4-4EF3-467A-8F85-D1DFE3C40A3E}.Release|x64.ActiveCfg = Release|Any CPU
		{D6D723F4-4EF3-467A-8F85-D1DFE3C40A3E}.Release|x64.Build.0 = Release|Any CPU
		{D6D723F4-4EF3-467A-8F85-D1DFE3C40A3E}.Release|x86.ActiveCfg = Release|Any CPU
		{D6D723F4-4EF3-467A-8F85-D1DFE3C40A3E}.Release|x86.Build.0 = Release|Any CPU
		{9563A70B-86EB-4CC7-BB42-88E799154100}.Debug|Any CPU.ActiveCfg = Debug|Any CPU
		{9563A70B-86EB-4CC7-BB42-88E799154100}.Debug|Any CPU.Build.0 = Debug|Any CPU
		{9563A70B-86EB-4CC7-BB42-88E799154100}.Debug|x64.ActiveCfg = Debug|Any CPU
		{9563A70B-86EB-4CC7-BB42-88E799154100}.Debug|x64.Build.0 = Debug|Any CPU
		{9563A70B-86EB-4CC7-BB42-88E799154100}.Debug|x86.ActiveCfg = Debug|Any CPU
		{9563A70B-86EB-4CC7-BB42-88E799154100}.Debug|x86.Build.0 = Debug|Any CPU
		{9563A70B-86EB-4CC7-BB42-88E799154100}.Release|Any CPU.ActiveCfg = Release|Any CPU
		{9563A70B-86EB-4CC7-BB42-88E799154100}.Release|Any CPU.Build.0 = Release|Any CPU
		{9563A70B-86EB-4CC7-BB42-88E799154100}.Release|x64.ActiveCfg = Release|Any CPU
		{9563A70B-86EB-4CC7-BB42-88E799154100}.Release|x64.Build.0 = Release|Any CPU
		{9563A70B-86EB-4CC7-BB42-88E799154100}.Release|x86.ActiveCfg = Release|Any CPU
		{9563A70B-86EB-4CC7-BB42-88E799154100}.Release|x86.Build.0 = Release|Any CPU
		{29D0D8B1-9F96-4E1E-8255-30623B6E03A9}.Debug|Any CPU.ActiveCfg = Debug|Any CPU
		{29D0D8B1-9F96-4E1E-8255-30623B6E03A9}.Debug|Any CPU.Build.0 = Debug|Any CPU
		{29D0D8B1-9F96-4E1E-8255-30623B6E03A9}.Debug|x64.ActiveCfg = Debug|Any CPU
		{29D0D8B1-9F96-4E1E-8255-30623B6E03A9}.Debug|x64.Build.0 = Debug|Any CPU
		{29D0D8B1-9F96-4E1E-8255-30623B6E03A9}.Debug|x86.ActiveCfg = Debug|Any CPU
		{29D0D8B1-9F96-4E1E-8255-30623B6E03A9}.Debug|x86.Build.0 = Debug|Any CPU
		{29D0D8B1-9F96-4E1E-8255-30623B6E03A9}.Release|Any CPU.ActiveCfg = Release|Any CPU
		{29D0D8B1-9F96-4E1E-8255-30623B6E03A9}.Release|Any CPU.Build.0 = Release|Any CPU
		{29D0D8B1-9F96-4E1E-8255-30623B6E03A9}.Release|x64.ActiveCfg = Release|Any CPU
		{29D0D8B1-9F96-4E1E-8255-30623B6E03A9}.Release|x64.Build.0 = Release|Any CPU
		{29D0D8B1-9F96-4E1E-8255-30623B6E03A9}.Release|x86.ActiveCfg = Release|Any CPU
		{29D0D8B1-9F96-4E1E-8255-30623B6E03A9}.Release|x86.Build.0 = Release|Any CPU
		{896DF9CE-2471-41A0-AB92-70BED61C9151}.Debug|Any CPU.ActiveCfg = Debug|Any CPU
		{896DF9CE-2471-41A0-AB92-70BED61C9151}.Debug|Any CPU.Build.0 = Debug|Any CPU
		{896DF9CE-2471-41A0-AB92-70BED61C9151}.Debug|x64.ActiveCfg = Debug|Any CPU
		{896DF9CE-2471-41A0-AB92-70BED61C9151}.Debug|x64.Build.0 = Debug|Any CPU
		{896DF9CE-2471-41A0-AB92-70BED61C9151}.Debug|x86.ActiveCfg = Debug|Any CPU
		{896DF9CE-2471-41A0-AB92-70BED61C9151}.Debug|x86.Build.0 = Debug|Any CPU
		{896DF9CE-2471-41A0-AB92-70BED61C9151}.Release|Any CPU.ActiveCfg = Release|Any CPU
		{896DF9CE-2471-41A0-AB92-70BED61C9151}.Release|Any CPU.Build.0 = Release|Any CPU
		{896DF9CE-2471-41A0-AB92-70BED61C9151}.Release|x64.ActiveCfg = Release|Any CPU
		{896DF9CE-2471-41A0-AB92-70BED61C9151}.Release|x64.Build.0 = Release|Any CPU
		{896DF9CE-2471-41A0-AB92-70BED61C9151}.Release|x86.ActiveCfg = Release|Any CPU
		{896DF9CE-2471-41A0-AB92-70BED61C9151}.Release|x86.Build.0 = Release|Any CPU
		{6DEC7A25-BF5A-45FC-8524-1B8E937914AC}.Debug|Any CPU.ActiveCfg = Debug|Any CPU
		{6DEC7A25-BF5A-45FC-8524-1B8E937914AC}.Debug|Any CPU.Build.0 = Debug|Any CPU
		{6DEC7A25-BF5A-45FC-8524-1B8E937914AC}.Debug|x64.ActiveCfg = Debug|Any CPU
		{6DEC7A25-BF5A-45FC-8524-1B8E937914AC}.Debug|x64.Build.0 = Debug|Any CPU
		{6DEC7A25-BF5A-45FC-8524-1B8E937914AC}.Debug|x86.ActiveCfg = Debug|Any CPU
		{6DEC7A25-BF5A-45FC-8524-1B8E937914AC}.Debug|x86.Build.0 = Debug|Any CPU
		{6DEC7A25-BF5A-45FC-8524-1B8E937914AC}.Release|Any CPU.ActiveCfg = Release|Any CPU
		{6DEC7A25-BF5A-45FC-8524-1B8E937914AC}.Release|Any CPU.Build.0 = Release|Any CPU
		{6DEC7A25-BF5A-45FC-8524-1B8E937914AC}.Release|x64.ActiveCfg = Release|Any CPU
		{6DEC7A25-BF5A-45FC-8524-1B8E937914AC}.Release|x64.Build.0 = Release|Any CPU
		{6DEC7A25-BF5A-45FC-8524-1B8E937914AC}.Release|x86.ActiveCfg = Release|Any CPU
		{6DEC7A25-BF5A-45FC-8524-1B8E937914AC}.Release|x86.Build.0 = Release|Any CPU
		{A854F090-7A70-4233-B406-7DCA36BC9E94}.Debug|Any CPU.ActiveCfg = Debug|Any CPU
		{A854F090-7A70-4233-B406-7DCA36BC9E94}.Debug|Any CPU.Build.0 = Debug|Any CPU
		{A854F090-7A70-4233-B406-7DCA36BC9E94}.Debug|x64.ActiveCfg = Debug|Any CPU
		{A854F090-7A70-4233-B406-7DCA36BC9E94}.Debug|x64.Build.0 = Debug|Any CPU
		{A854F090-7A70-4233-B406-7DCA36BC9E94}.Debug|x86.ActiveCfg = Debug|Any CPU
		{A854F090-7A70-4233-B406-7DCA36BC9E94}.Debug|x86.Build.0 = Debug|Any CPU
		{A854F090-7A70-4233-B406-7DCA36BC9E94}.Release|Any CPU.ActiveCfg = Release|Any CPU
		{A854F090-7A70-4233-B406-7DCA36BC9E94}.Release|Any CPU.Build.0 = Release|Any CPU
		{A854F090-7A70-4233-B406-7DCA36BC9E94}.Release|x64.ActiveCfg = Release|Any CPU
		{A854F090-7A70-4233-B406-7DCA36BC9E94}.Release|x64.Build.0 = Release|Any CPU
		{A854F090-7A70-4233-B406-7DCA36BC9E94}.Release|x86.ActiveCfg = Release|Any CPU
		{A854F090-7A70-4233-B406-7DCA36BC9E94}.Release|x86.Build.0 = Release|Any CPU
	EndGlobalSection
	GlobalSection(SolutionProperties) = preSolution
		HideSolutionNode = FALSE
	EndGlobalSection
	GlobalSection(NestedProjects) = preSolution
		{26240A0B-8F85-4722-990B-AEC1361424F4} = {827E0CD3-B72D-47B6-A68D-7590B98EB39B}
		{C049D564-850C-4ABA-AC6D-B3F6245482EB} = {827E0CD3-B72D-47B6-A68D-7590B98EB39B}
		{D6D723F4-4EF3-467A-8F85-D1DFE3C40A3E} = {827E0CD3-B72D-47B6-A68D-7590B98EB39B}
		{9563A70B-86EB-4CC7-BB42-88E799154100} = {827E0CD3-B72D-47B6-A68D-7590B98EB39B}
		{29D0D8B1-9F96-4E1E-8255-30623B6E03A9} = {827E0CD3-B72D-47B6-A68D-7590B98EB39B}
		{896DF9CE-2471-41A0-AB92-70BED61C9151} = {827E0CD3-B72D-47B6-A68D-7590B98EB39B}
		{6DEC7A25-BF5A-45FC-8524-1B8E937914AC} = {827E0CD3-B72D-47B6-A68D-7590B98EB39B}
		{A854F090-7A70-4233-B406-7DCA36BC9E94} = {0AB3BF05-4346-4AA6-1389-037BE0695223}
	EndGlobalSection
EndGlobal
